github.com/coalaura/atom v0.2.0 h1:JLZICYXj3APUNNfWnFOOXslthxNO0IhMPCAzYkfDGvs=
github.com/coalaura/atom v0.2.0/go.mod h1:ACJfMKNeHYoZYmmeB1It/bl35A2VKs9QuKwnZdIVJT8=
github.com/coalaura/plain v1.6.4 h1:njr1GqV1bw37wjEwbi7lFQahHVS0zh1ZyktL6uNmaSk=
github.com/coalaura/plain v1.6.4/go.mod h1:8RE9XMZjc0DdRt1/coC8bzwSPEeMWMi0fASj6X1pXx8=
github.com/felixge/httpsnoop v1.1.0 h1:3YtUj32ZZkqZtt3sZZsClsymw/QDuVfpNhoA31zeORc=
github.com/felixge/httpsnoop v1.1.0/go.mod h1:Zqxgdd+1Rkcz8euOqdr7lqgCRJztwr5hp9vDSi5UZCE=
github.com/go-chi/chi/v5 v5.3.2 h1:5YQkICvTCSZ25hoRsyJazN0scjzKGiu4VAUc7H1o1nY=
github.com/go-chi/chi/v5 v5.3.2/go.mod h1:R+tYY2hNuVUUjxoPtqUdgBqevM9s9njzkTLutVsOCto=
github.com/mazznoer/csscolorparser v0.1.8 h1:i7w3wHW99d0q0KZv1ONkU/efXFAKcw1mgEgW6gj8KUA=
github.com/mazznoer/csscolorparser v0.1.8/go.mod h1:OQRVvgCyHDCAquR1YWfSwwaDcM0LhnSffGnlbOew/3I=
golang.org/x/sys v0.48.0 h1:bbX/i/6MgT9BVLM9RT1thmxL04yeTAhbEz4SyadbXoo=
golang.org/x/sys v0.48.0/go.mod h1:hNLxWAXmnKAxqDtdwIYC4bM9oQPEecfsnNMuSxOs3og=
golang.org/x/term v0.46.0 h1:3+OXuTbaKDgwk8jTi3aSLHRlmWqHEUDUtxnbFigO4YE=
golang.org/x/term v0.46.0/go.mod h1:+K02xbkittuwc0Am4abfA3Fc+XRGXkvBXNO88NCXPoc=
